
Microsoft Visual Studio Solution File, Format Version 12.00
# Visual Studio Version 17
VisualStudioVersion = 17.6.33717.318
MinimumVisualStudioVersion = 10.0.40219.1
Project("{FAE04EC0-301F-11D3-BF4B-00C04F79EFBC}") = "CalculatorNew", "CalculatorNew.csproj", "{7F2A3C6D-FD84-4315-A4E1-17028728544B}"
EndProject
Project("{FAE04EC0-301F-11D3-BF4B-00C04F79EFBC}") = "CalculatorTesting", "CalculatorTesting\CalculatorTesting.csproj", "{1DA5F6EB-8BCB-48BE-B2B2-FE7DE26504D5}"
EndProject
Global
	GlobalSection(SolutionConfigurationPlatforms) = preSolution
		Debug|Any CPU = Debug|Any CPU
		Release|Any CPU = Release|Any CPU
	EndGlobalSection
	GlobalSection(ProjectConfigurationPlatforms) = postSolution
		{7F2A3C6D-FD84-4315-A4E1-17028728544B}.Debug|Any CPU.ActiveCfg = Debug|Any CPU
		{7F2A3C6D-FD84-4315-A4E1-17028728544B}.Debug|Any CPU.Build.0 = Debug|Any CPU
		{7F2A3C6D-FD84-4315-A4E1-17028728544B}.Release|Any CPU.ActiveCfg = Release|Any CPU
		{7F2A3C6D-FD84-4315-A4E1-17028728544B}.Release|Any CPU.Build.0 = Release|Any CPU
		{1DA5F6EB-8BCB-48BE-B2B2-FE7DE26504D5}.Debug|Any CPU.ActiveCfg = Debug|Any CPU
		{1DA5F6EB-8BCB-48BE-B2B2-FE7DE26504D5}.Debug|Any CPU.Build.0 = Debug|Any CPU
		{1DA5F6EB-8BCB-48BE-B2B2-FE7DE26504D5}.Release|Any CPU.ActiveCfg = Release|Any CPU
		{1DA5F6EB-8BCB-48BE-B2B2-FE7DE26504D5}.Release|Any CPU.Build.0 = Release|Any CPU
	EndGlobalSection
	GlobalSection(SolutionProperties) = preSolution
		HideSolutionNode = FALSE
	EndGlobalSection
	GlobalSection(ExtensibilityGlobals) = postSolution
		SolutionGuid = {93A5A592-6A3F-413C-942F-C10316C74BB7}
	EndGlobalSection
EndGlobal
